
Microsoft Visual Studio Solution File, Format Version 12.00
# Visual Studio 15
Project("{FAE04EC0-301F-11D3-BF4B-00C04F79EFBC}") = "Assembly-CSharp", "Assembly-CSharp.csproj", "{D6CCC4CE-7BF4-7A7E-2816-CC7153F683AA}"
EndProject
Project("{FAE04EC0-301F-11D3-BF4B-00C04F79EFBC}") = "Assembly-CSharp-Editor", "Assembly-CSharp-Editor.csproj", "{32D4FFBD-7913-BF2B-DB35-81D12FF20162}"
EndProject
Global
	GlobalSection(SolutionConfigurationPlatforms) = preSolution
		Debug|Any CPU = Debug|Any CPU
		Release|Any CPU = Release|Any CPU
	EndGlobalSection
	GlobalSection(ProjectConfigurationPlatforms) = postSolution
		{D6CCC4CE-7BF4-7A7E-2816-CC7153F683AA}.Debug|Any CPU.ActiveCfg = Debug|Any CPU
		{D6CCC4CE-7BF4-7A7E-2816-CC7153F683AA}.Debug|Any CPU.Build.0 = Debug|Any CPU
		{D6CCC4CE-7BF4-7A7E-2816-CC7153F683AA}.Release|Any CPU.ActiveCfg = Release|Any CPU
		{D6CCC4CE-7BF4-7A7E-2816-CC7153F683AA}.Release|Any CPU.Build.0 = Release|Any CPU
		{32D4FFBD-7913-BF2B-DB35-81D12FF20162}.Debug|Any CPU.ActiveCfg = Debug|Any CPU
		{32D4FFBD-7913-BF2B-DB35-81D12FF20162}.Debug|Any CPU.Build.0 = Debug|Any CPU
		{32D4FFBD-7913-BF2B-DB35-81D12FF20162}.Release|Any CPU.ActiveCfg = Release|Any CPU
		{32D4FFBD-7913-BF2B-DB35-81D12FF20162}.Release|Any CPU.Build.0 = Release|Any CPU
	EndGlobalSection
	GlobalSection(SolutionProperties) = preSolution
		HideSolutionNode = FALSE
	EndGlobalSection
EndGlobal
