
Microsoft Visual Studio Solution File, Format Version 12.00
# Visual Studio 15
Project("{FAE04EC0-301F-11D3-BF4B-00C04F79EFBC}") = "SimpleScrollSnap", "SimpleScrollSnap.csproj", "{DC67148F-B8A3-79B2-43D0-A4039F62BC9F}"
EndProject
Project("{FAE04EC0-301F-11D3-BF4B-00C04F79EFBC}") = "Assembly-CSharp", "Assembly-CSharp.csproj", "{F12967EB-9F18-9842-CC69-875B93803593}"
EndProject
Project("{FAE04EC0-301F-11D3-BF4B-00C04F79EFBC}") = "SimpleInspectorAttributes", "SimpleInspectorAttributes.csproj", "{22268102-ED01-0A55-62D3-1D4A506BC001}"
EndProject
Project("{FAE04EC0-301F-11D3-BF4B-00C04F79EFBC}") = "Utilities", "Utilities.csproj", "{E5E52604-AFC4-8D0D-2436-8A361ADA5711}"
EndProject
Project("{FAE04EC0-301F-11D3-BF4B-00C04F79EFBC}") = "SimpleScrollSnapEditor", "SimpleScrollSnapEditor.csproj", "{C79A03AE-932B-A78B-835C-E2510D39F9B4}"
EndProject
Project("{FAE04EC0-301F-11D3-BF4B-00C04F79EFBC}") = "CopyrightNoticeEditor", "CopyrightNoticeEditor.csproj", "{BE04559C-F3D5-057E-05F7-0EAE2F83E66A}"
EndProject
Project("{FAE04EC0-301F-11D3-BF4B-00C04F79EFBC}") = "Assembly-CSharp-Editor", "Assembly-CSharp-Editor.csproj", "{89B4683A-38A9-38A9-0C0A-365C1A171191}"
EndProject
Project("{FAE04EC0-301F-11D3-BF4B-00C04F79EFBC}") = "UtilitiesEditor", "UtilitiesEditor.csproj", "{17F51D7C-091F-B84A-E63D-1529FC418AF9}"
EndProject
Project("{FAE04EC0-301F-11D3-BF4B-00C04F79EFBC}") = "SimpleInspectorAttributesEditor", "SimpleInspectorAttributesEditor.csproj", "{056D1B4A-D3EE-1270-5968-BF876D5E91EB}"
EndProject
Global
	GlobalSection(SolutionConfigurationPlatforms) = preSolution
		Debug|Any CPU = Debug|Any CPU
		Release|Any CPU = Release|Any CPU
	EndGlobalSection
	GlobalSection(ProjectConfigurationPlatforms) = postSolution
		{DC67148F-B8A3-79B2-43D0-A4039F62BC9F}.Debug|Any CPU.ActiveCfg = Debug|Any CPU
		{DC67148F-B8A3-79B2-43D0-A4039F62BC9F}.Debug|Any CPU.Build.0 = Debug|Any CPU
		{DC67148F-B8A3-79B2-43D0-A4039F62BC9F}.Release|Any CPU.ActiveCfg = Release|Any CPU
		{DC67148F-B8A3-79B2-43D0-A4039F62BC9F}.Release|Any CPU.Build.0 = Release|Any CPU
		{F12967EB-9F18-9842-CC69-875B93803593}.Debug|Any CPU.ActiveCfg = Debug|Any CPU
		{F12967EB-9F18-9842-CC69-875B93803593}.Debug|Any CPU.Build.0 = Debug|Any CPU
		{F12967EB-9F18-9842-CC69-875B93803593}.Release|Any CPU.ActiveCfg = Release|Any CPU
		{F12967EB-9F18-9842-CC69-875B93803593}.Release|Any CPU.Build.0 = Release|Any CPU
		{22268102-ED01-0A55-62D3-1D4A506BC001}.Debug|Any CPU.ActiveCfg = Debug|Any CPU
		{22268102-ED01-0A55-62D3-1D4A506BC001}.Debug|Any CPU.Build.0 = Debug|Any CPU
		{22268102-ED01-0A55-62D3-1D4A506BC001}.Release|Any CPU.ActiveCfg = Release|Any CPU
		{22268102-ED01-0A55-62D3-1D4A506BC001}.Release|Any CPU.Build.0 = Release|Any CPU
		{E5E52604-AFC4-8D0D-2436-8A361ADA5711}.Debug|Any CPU.ActiveCfg = Debug|Any CPU
		{E5E52604-AFC4-8D0D-2436-8A361ADA5711}.Debug|Any CPU.Build.0 = Debug|Any CPU
		{E5E52604-AFC4-8D0D-2436-8A361ADA5711}.Release|Any CPU.ActiveCfg = Release|Any CPU
		{E5E52604-AFC4-8D0D-2436-8A361ADA5711}.Release|Any CPU.Build.0 = Release|Any CPU
		{C79A03AE-932B-A78B-835C-E2510D39F9B4}.Debug|Any CPU.ActiveCfg = Debug|Any CPU
		{C79A03AE-932B-A78B-835C-E2510D39F9B4}.Debug|Any CPU.Build.0 = Debug|Any CPU
		{C79A03AE-932B-A78B-835C-E2510D39F9B4}.Release|Any CPU.ActiveCfg = Release|Any CPU
		{C79A03AE-932B-A78B-835C-E2510D39F9B4}.Release|Any CPU.Build.0 = Release|Any CPU
		{BE04559C-F3D5-057E-05F7-0EAE2F83E66A}.Debug|Any CPU.ActiveCfg = Debug|Any CPU
		{BE04559C-F3D5-057E-05F7-0EAE2F83E66A}.Debug|Any CPU.Build.0 = Debug|Any CPU
		{BE04559C-F3D5-057E-05F7-0EAE2F83E66A}.Release|Any CPU.ActiveCfg = Release|Any CPU
		{BE04559C-F3D5-057E-05F7-0EAE2F83E66A}.Release|Any CPU.Build.0 = Release|Any CPU
		{89B4683A-38A9-38A9-0C0A-365C1A171191}.Debug|Any CPU.ActiveCfg = Debug|Any CPU
		{89B4683A-38A9-38A9-0C0A-365C1A171191}.Debug|Any CPU.Build.0 = Debug|Any CPU
		{89B4683A-38A9-38A9-0C0A-365C1A171191}.Release|Any CPU.ActiveCfg = Release|Any CPU
		{89B4683A-38A9-38A9-0C0A-365C1A171191}.Release|Any CPU.Build.0 = Release|Any CPU
		{17F51D7C-091F-B84A-E63D-1529FC418AF9}.Debug|Any CPU.ActiveCfg = Debug|Any CPU
		{17F51D7C-091F-B84A-E63D-1529FC418AF9}.Debug|Any CPU.Build.0 = Debug|Any CPU
		{17F51D7C-091F-B84A-E63D-1529FC418AF9}.Release|Any CPU.ActiveCfg = Release|Any CPU
		{17F51D7C-091F-B84A-E63D-1529FC418AF9}.Release|Any CPU.Build.0 = Release|Any CPU
		{056D1B4A-D3EE-1270-5968-BF876D5E91EB}.Debug|Any CPU.ActiveCfg = Debug|Any CPU
		{056D1B4A-D3EE-1270-5968-BF876D5E91EB}.Debug|Any CPU.Build.0 = Debug|Any CPU
		{056D1B4A-D3EE-1270-5968-BF876D5E91EB}.Release|Any CPU.ActiveCfg = Release|Any CPU
		{056D1B4A-D3EE-1270-5968-BF876D5E91EB}.Release|Any CPU.Build.0 = Release|Any CPU
	EndGlobalSection
	GlobalSection(SolutionProperties) = preSolution
		HideSolutionNode = FALSE
	EndGlobalSection
EndGlobal
